// !$*UTF8*$!
{
	archiveVersion = 1;
	classes = {
	};
	objectVersion = 50;
	objects = {

/* Begin PBXBuildFile section */
		950E1C12259DBFF2006D7CB1 /* animales.json in Resources */ = {isa = PBXBuildFile; fileRef = 950E1C0E259DBF38006D7CB1 /* animales.json */; };
		950E1C13259DBFF2006D7CB1 /* deportes.json in Resources */ = {isa = PBXBuildFile; fileRef = 950E1C0A259DBF37006D7CB1 /* deportes.json */; };
		950E1C14259DBFF2006D7CB1 /* ciencia.json in Resources */ = {isa = PBXBuildFile; fileRef = 950E1C0B259DBF37006D7CB1 /* ciencia.json */; };
		950E1C15259DBFF2006D7CB1 /* historia.json in Resources */ = {isa = PBXBuildFile; fileRef = 950E1C0C259DBF37006D7CB1 /* historia.json */; };
		950E1C1A259DC9A9006D7CB1 /* FactsGenerator.swift in Sources */ = {isa = PBXBuildFile; fileRef = 950E1C19259DC9A9006D7CB1 /* FactsGenerator.swift */; };
		9535279F25974A35007F1D69 /* CategoryCard.swift in Sources */ = {isa = PBXBuildFile; fileRef = 9535279E25974A35007F1D69 /* CategoryCard.swift */; };
		953527A22597538B007F1D69 /* MainCTAButton.swift in Sources */ = {isa = PBXBuildFile; fileRef = 953527A12597538B007F1D69 /* MainCTAButton.swift */; };
		953527A5259886A8007F1D69 /* Fact.swift in Sources */ = {isa = PBXBuildFile; fileRef = 953527A4259886A8007F1D69 /* Fact.swift */; };
		954755CF25EE406B000C59F6 /* SabiasQueUITests.swift in Sources */ = {isa = PBXBuildFile; fileRef = 954755CE25EE406B000C59F6 /* SabiasQueUITests.swift */; };
		954755D925EE408D000C59F6 /* SnapshotHelper.swift in Sources */ = {isa = PBXBuildFile; fileRef = 954755D825EE408D000C59F6 /* SnapshotHelper.swift */; };
		9548023E25A9FB2500B0DAF6 /* Localizable.strings in Resources */ = {isa = PBXBuildFile; fileRef = 9548024025A9FB2500B0DAF6 /* Localizable.strings */; };
		9548024525A9FCC600B0DAF6 /* String+Localized.swift in Sources */ = {isa = PBXBuildFile; fileRef = 9548024425A9FCC600B0DAF6 /* String+Localized.swift */; };
		954B8AF925A38896006520D1 /* sports.json in Resources */ = {isa = PBXBuildFile; fileRef = 954B8AF525A38895006520D1 /* sports.json */; };
		954B8AFA25A38896006520D1 /* animals.json in Resources */ = {isa = PBXBuildFile; fileRef = 954B8AF625A38895006520D1 /* animals.json */; };
		954B8AFB25A38896006520D1 /* history.json in Resources */ = {isa = PBXBuildFile; fileRef = 954B8AF725A38895006520D1 /* history.json */; };
		954B8AFC25A38896006520D1 /* science.json in Resources */ = {isa = PBXBuildFile; fileRef = 954B8AF825A38896006520D1 /* science.json */; };
		95BB807C2595E368001FE75F /* StartingView.swift in Sources */ = {isa = PBXBuildFile; fileRef = 95BB807B2595E368001FE75F /* StartingView.swift */; };
		95BB808325962A13001FE75F /* DetailView.swift in Sources */ = {isa = PBXBuildFile; fileRef = 95BB808225962A13001FE75F /* DetailView.swift */; };
		95C1391325861BC1009FC623 /* AppDelegate.swift in Sources */ = {isa = PBXBuildFile; fileRef = 95C1391225861BC1009FC623 /* AppDelegate.swift */; };
		95C1391525861BC1009FC623 /* SceneDelegate.swift in Sources */ = {isa = PBXBuildFile; fileRef = 95C1391425861BC1009FC623 /* SceneDelegate.swift */; };
		95C1391725861BC1009FC623 /* ContentView.swift in Sources */ = {isa = PBXBuildFile; fileRef = 95C1391625861BC1009FC623 /* ContentView.swift */; };
		95C1391925861BC1009FC623 /* Assets.xcassets in Resources */ = {isa = PBXBuildFile; fileRef = 95C1391825861BC1009FC623 /* Assets.xcassets */; };
		95C1391C25861BC1009FC623 /* Preview Assets.xcassets in Resources */ = {isa = PBXBuildFile; fileRef = 95C1391B25861BC1009FC623 /* Preview Assets.xcassets */; };
		95C1391F25861BC1009FC623 /* LaunchScreen.storyboard in Resources */ = {isa = PBXBuildFile; fileRef = 95C1391D25861BC1009FC623 /* LaunchScreen.storyboard */; };
		95C1392A25861DFF009FC623 /* Lato-Bold.ttf in Resources */ = {isa = PBXBuildFile; fileRef = 95C1392825861DFF009FC623 /* Lato-Bold.ttf */; };
		95C1392B25861DFF009FC623 /* Lato-Regular.ttf in Resources */ = {isa = PBXBuildFile; fileRef = 95C1392925861DFF009FC623 /* Lato-Regular.ttf */; };
		95C1392F25861E1D009FC623 /* Colors.swift in Sources */ = {isa = PBXBuildFile; fileRef = 95C1392E25861E1D009FC623 /* Colors.swift */; };
		95D6703125988B9800700358 /* Bundle+Decode.swift in Sources */ = {isa = PBXBuildFile; fileRef = 95D6703025988B9800700358 /* Bundle+Decode.swift */; };
/* End PBXBuildFile section */

/* Begin PBXContainerItemProxy section */
		954755D125EE406B000C59F6 /* PBXContainerItemProxy */ = {
			isa = PBXContainerItemProxy;
			containerPortal = 95C1390725861BC1009FC623 /* Project object */;
			proxyType = 1;
			remoteGlobalIDString = 95C1390E25861BC1009FC623;
			remoteInfo = SabiasQue;
		};
/* End PBXContainerItemProxy section */

/* Begin PBXFileReference section */
		950E1C0A259DBF37006D7CB1 /* deportes.json */ = {isa = PBXFileReference; lastKnownFileType = text.json; path = deportes.json; sourceTree = "<group>"; };
		950E1C0B259DBF37006D7CB1 /* ciencia.json */ = {isa = PBXFileReference; lastKnownFileType = text.json; path = ciencia.json; sourceTree = "<group>"; };
		950E1C0C259DBF37006D7CB1 /* historia.json */ = {isa = PBXFileReference; lastKnownFileType = text.json; path = historia.json; sourceTree = "<group>"; };
		950E1C0E259DBF38006D7CB1 /* animales.json */ = {isa = PBXFileReference; lastKnownFileType = text.json; path = animales.json; sourceTree = "<group>"; };
		950E1C19259DC9A9006D7CB1 /* FactsGenerator.swift */ = {isa = PBXFileReference; lastKnownFileType = sourcecode.swift; path = FactsGenerator.swift; sourceTree = "<group>"; };
		9535279E25974A35007F1D69 /* CategoryCard.swift */ = {isa = PBXFileReference; lastKnownFileType = sourcecode.swift; path = CategoryCard.swift; sourceTree = "<group>"; };
		953527A12597538B007F1D69 /* MainCTAButton.swift */ = {isa = PBXFileReference; lastKnownFileType = sourcecode.swift; path = MainCTAButton.swift; sourceTree = "<group>"; };
		953527A4259886A8007F1D69 /* Fact.swift */ = {isa = PBXFileReference; lastKnownFileType = sourcecode.swift; path = Fact.swift; sourceTree = "<group>"; };
		954755CC25EE406B000C59F6 /* SabiasQueUITests.xctest */ = {isa = PBXFileReference; explicitFileType = wrapper.cfbundle; includeInIndex = 0; path = SabiasQueUITests.xctest; sourceTree = BUILT_PRODUCTS_DIR; };
		954755CE25EE406B000C59F6 /* SabiasQueUITests.swift */ = {isa = PBXFileReference; lastKnownFileType = sourcecode.swift; path = SabiasQueUITests.swift; sourceTree = "<group>"; };
		954755D025EE406B000C59F6 /* Info.plist */ = {isa = PBXFileReference; lastKnownFileType = text.plist.xml; path = Info.plist; sourceTree = "<group>"; };
		954755D825EE408D000C59F6 /* SnapshotHelper.swift */ = {isa = PBXFileReference; fileEncoding = 4; lastKnownFileType = sourcecode.swift; name = SnapshotHelper.swift; path = fastlane/SnapshotHelper.swift; sourceTree = SOURCE_ROOT; };
		9548023F25A9FB2500B0DAF6 /* en */ = {isa = PBXFileReference; lastKnownFileType = text.plist.strings; name = en; path = en.lproj/Localizable.strings; sourceTree = "<group>"; };
		9548024225A9FB5400B0DAF6 /* es-419 */ = {isa = PBXFileReference; lastKnownFileType = text.plist.strings; name = "es-419"; path = "es-419.lproj/Localizable.strings"; sourceTree = "<group>"; };
		9548024425A9FCC600B0DAF6 /* String+Localized.swift */ = {isa = PBXFileReference; lastKnownFileType = sourcecode.swift; path = "String+Localized.swift"; sourceTree = "<group>"; };
		954B8AF525A38895006520D1 /* sports.json */ = {isa = PBXFileReference; fileEncoding = 4; lastKnownFileType = text.json; path = sports.json; sourceTree = "<group>"; };
		954B8AF625A38895006520D1 /* animals.json */ = {isa = PBXFileReference; fileEncoding = 4; lastKnownFileType = text.json; path = animals.json; sourceTree = "<group>"; };
		954B8AF725A38895006520D1 /* history.json */ = {isa = PBXFileReference; fileEncoding = 4; lastKnownFileType = text.json; path = history.json; sourceTree = "<group>"; };
		954B8AF825A38896006520D1 /* science.json */ = {isa = PBXFileReference; fileEncoding = 4; lastKnownFileType = text.json; path = science.json; sourceTree = "<group>"; };
		95BB807B2595E368001FE75F /* StartingView.swift */ = {isa = PBXFileReference; lastKnownFileType = sourcecode.swift; path = StartingView.swift; sourceTree = "<group>"; };
		95BB808225962A13001FE75F /* DetailView.swift */ = {isa = PBXFileReference; lastKnownFileType = sourcecode.swift; path = DetailView.swift; sourceTree = "<group>"; };
		95C1390F25861BC1009FC623 /* SabiasQue.app */ = {isa = PBXFileReference; explicitFileType = wrapper.application; includeInIndex = 0; path = SabiasQue.app; sourceTree = BUILT_PRODUCTS_DIR; };
		95C1391225861BC1009FC623 /* AppDelegate.swift */ = {isa = PBXFileReference; lastKnownFileType = sourcecode.swift; path = AppDelegate.swift; sourceTree = "<group>"; };
		95C1391425861BC1009FC623 /* SceneDelegate.swift */ = {isa = PBXFileReference; lastKnownFileType = sourcecode.swift; path = SceneDelegate.swift; sourceTree = "<group>"; };
		95C1391625861BC1009FC623 /* ContentView.swift */ = {isa = PBXFileReference; lastKnownFileType = sourcecode.swift; path = ContentView.swift; sourceTree = "<group>"; };
		95C1391825861BC1009FC623 /* Assets.xcassets */ = {isa = PBXFileReference; lastKnownFileType = folder.assetcatalog; path = Assets.xcassets; sourceTree = "<group>"; };
		95C1391B25861BC1009FC623 /* Preview Assets.xcassets */ = {isa = PBXFileReference; lastKnownFileType = folder.assetcatalog; path = "Preview Assets.xcassets"; sourceTree = "<group>"; };
		95C1391E25861BC1009FC623 /* Base */ = {isa = PBXFileReference; lastKnownFileType = file.storyboard; name = Base; path = Base.lproj/LaunchScreen.storyboard; sourceTree = "<group>"; };
		95C1392025861BC1009FC623 /* Info.plist */ = {isa = PBXFileReference; lastKnownFileType = text.plist.xml; path = Info.plist; sourceTree = "<group>"; };
		95C1392825861DFF009FC623 /* Lato-Bold.ttf */ = {isa = PBXFileReference; lastKnownFileType = file; path = "Lato-Bold.ttf"; sourceTree = "<group>"; };
		95C1392925861DFF009FC623 /* Lato-Regular.ttf */ = {isa = PBXFileReference; lastKnownFileType = file; path = "Lato-Regular.ttf"; sourceTree = "<group>"; };
		95C1392E25861E1D009FC623 /* Colors.swift */ = {isa = PBXFileReference; lastKnownFileType = sourcecode.swift; path = Colors.swift; sourceTree = "<group>"; };
		95D6703025988B9800700358 /* Bundle+Decode.swift */ = {isa = PBXFileReference; lastKnownFileType = sourcecode.swift; path = "Bundle+Decode.swift"; sourceTree = "<group>"; };
/* End PBXFileReference section */

/* Begin PBXFrameworksBuildPhase section */
		954755C925EE406B000C59F6 /* Frameworks */ = {
			isa = PBXFrameworksBuildPhase;
			buildActionMask = 2147483647;
			files = (
			);
			runOnlyForDeploymentPostprocessing = 0;
		};
		95C1390C25861BC1009FC623 /* Frameworks */ = {
			isa = PBXFrameworksBuildPhase;
			buildActionMask = 2147483647;
			files = (
			);
			runOnlyForDeploymentPostprocessing = 0;
		};
/* End PBXFrameworksBuildPhase section */

/* Begin PBXGroup section */
		950E1C08259DBF2A006D7CB1 /* Facts */ = {
			isa = PBXGroup;
			children = (
				9587C54925A9F297008C51BD /* EN */,
				9587C54825A9F28E008C51BD /* ES */,
			);
			path = Facts;
			sourceTree = "<group>";
		};
		954755CD25EE406B000C59F6 /* SabiasQueUITests */ = {
			isa = PBXGroup;
			children = (
				954755D825EE408D000C59F6 /* SnapshotHelper.swift */,
				954755CE25EE406B000C59F6 /* SabiasQueUITests.swift */,
				954755D025EE406B000C59F6 /* Info.plist */,
			);
			path = SabiasQueUITests;
			sourceTree = "<group>";
		};
		9587C54825A9F28E008C51BD /* ES */ = {
			isa = PBXGroup;
			children = (
				950E1C0E259DBF38006D7CB1 /* animales.json */,
				950E1C0C259DBF37006D7CB1 /* historia.json */,
				950E1C0A259DBF37006D7CB1 /* deportes.json */,
				950E1C0B259DBF37006D7CB1 /* ciencia.json */,
			);
			path = ES;
			sourceTree = "<group>";
		};
		9587C54925A9F297008C51BD /* EN */ = {
			isa = PBXGroup;
			children = (
				954B8AF625A38895006520D1 /* animals.json */,
				954B8AF725A38895006520D1 /* history.json */,
				954B8AF825A38896006520D1 /* science.json */,
				954B8AF525A38895006520D1 /* sports.json */,
			);
			path = EN;
			sourceTree = "<group>";
		};
		95C1390625861BC1009FC623 = {
			isa = PBXGroup;
			children = (
				95C1391125861BC1009FC623 /* SabiasQue */,
				954755CD25EE406B000C59F6 /* SabiasQueUITests */,
				95C1391025861BC1009FC623 /* Products */,
			);
			sourceTree = "<group>";
		};
		95C1391025861BC1009FC623 /* Products */ = {
			isa = PBXGroup;
			children = (
				95C1390F25861BC1009FC623 /* SabiasQue.app */,
				954755CC25EE406B000C59F6 /* SabiasQueUITests.xctest */,
			);
			name = Products;
			sourceTree = "<group>";
		};
		95C1391125861BC1009FC623 /* SabiasQue */ = {
			isa = PBXGroup;
			children = (
				95C1392725861DEE009FC623 /* Typography */,
				95C1391225861BC1009FC623 /* AppDelegate.swift */,
				950E1C19259DC9A9006D7CB1 /* FactsGenerator.swift */,
				95C1391425861BC1009FC623 /* SceneDelegate.swift */,
				95C1391625861BC1009FC623 /* ContentView.swift */,
				9535279E25974A35007F1D69 /* CategoryCard.swift */,
				95BB807B2595E368001FE75F /* StartingView.swift */,
				95BB808225962A13001FE75F /* DetailView.swift */,
				953527A4259886A8007F1D69 /* Fact.swift */,
				95D6702F25988B8000700358 /* Extensions */,
				953527A12597538B007F1D69 /* MainCTAButton.swift */,
				950E1C08259DBF2A006D7CB1 /* Facts */,
				95C1391825861BC1009FC623 /* Assets.xcassets */,
				95C1391D25861BC1009FC623 /* LaunchScreen.storyboard */,
				95C1392025861BC1009FC623 /* Info.plist */,
				95C1391A25861BC1009FC623 /* Preview Content */,
				9548024025A9FB2500B0DAF6 /* Localizable.strings */,
			);
			path = SabiasQue;
			sourceTree = "<group>";
		};
		95C1391A25861BC1009FC623 /* Preview Content */ = {
			isa = PBXGroup;
			children = (
				95C1391B25861BC1009FC623 /* Preview Assets.xcassets */,
			);
			path = "Preview Content";
			sourceTree = "<group>";
		};
		95C1392725861DEE009FC623 /* Typography */ = {
			isa = PBXGroup;
			children = (
				95C1392825861DFF009FC623 /* Lato-Bold.ttf */,
				95C1392925861DFF009FC623 /* Lato-Regular.ttf */,
			);
			path = Typography;
			sourceTree = "<group>";
		};
		95D6702F25988B8000700358 /* Extensions */ = {
			isa = PBXGroup;
			children = (
				95D6703025988B9800700358 /* Bundle+Decode.swift */,
				95C1392E25861E1D009FC623 /* Colors.swift */,
				9548024425A9FCC600B0DAF6 /* String+Localized.swift */,
			);
			path = Extensions;
			sourceTree = "<group>";
		};
/* End PBXGroup section */

/* Begin PBXNativeTarget section */
		954755CB25EE406B000C59F6 /* SabiasQueUITests */ = {
			isa = PBXNativeTarget;
			buildConfigurationList = 954755D325EE406B000C59F6 /* Build configuration list for PBXNativeTarget "SabiasQueUITests" */;
			buildPhases = (
				954755C825EE406B000C59F6 /* Sources */,
				954755C925EE406B000C59F6 /* Frameworks */,
				954755CA25EE406B000C59F6 /* Resources */,
			);
			buildRules = (
			);
			dependencies = (
				954755D225EE406B000C59F6 /* PBXTargetDependency */,
			);
			name = SabiasQueUITests;
			productName = SabiasQueUITests;
			productReference = 954755CC25EE406B000C59F6 /* SabiasQueUITests.xctest */;
			productType = "com.apple.product-type.bundle.ui-testing";
		};
		95C1390E25861BC1009FC623 /* SabiasQue */ = {
			isa = PBXNativeTarget;
			buildConfigurationList = 95C1392325861BC1009FC623 /* Build configuration list for PBXNativeTarget "SabiasQue" */;
			buildPhases = (
				95C1390B25861BC1009FC623 /* Sources */,
				95C1390C25861BC1009FC623 /* Frameworks */,
				95C1390D25861BC1009FC623 /* Resources */,
			);
			buildRules = (
			);
			dependencies = (
			);
			name = SabiasQue;
			productName = SabiasQue;
			productReference = 95C1390F25861BC1009FC623 /* SabiasQue.app */;
			productType = "com.apple.product-type.application";
		};
/* End PBXNativeTarget section */

/* Begin PBXProject section */
		95C1390725861BC1009FC623 /* Project object */ = {
			isa = PBXProject;
			attributes = {
				LastSwiftUpdateCheck = 1220;
				LastUpgradeCheck = 1220;
				TargetAttributes = {
					954755CB25EE406B000C59F6 = {
						CreatedOnToolsVersion = 12.2;
						TestTargetID = 95C1390E25861BC1009FC623;
					};
					95C1390E25861BC1009FC623 = {
						CreatedOnToolsVersion = 12.2;
					};
				};
			};
			buildConfigurationList = 95C1390A25861BC1009FC623 /* Build configuration list for PBXProject "SabiasQue" */;
			compatibilityVersion = "Xcode 9.3";
			developmentRegion = en;
			hasScannedForEncodings = 0;
			knownRegions = (
				en,
				Base,
				"es-419",
			);
			mainGroup = 95C1390625861BC1009FC623;
			productRefGroup = 95C1391025861BC1009FC623 /* Products */;
			projectDirPath = "";
			projectRoot = "";
			targets = (
				95C1390E25861BC1009FC623 /* SabiasQue */,
				954755CB25EE406B000C59F6 /* SabiasQueUITests */,
			);
		};
/* End PBXProject section */

/* Begin PBXResourcesBuildPhase section */
		954755CA25EE406B000C59F6 /* Resources */ = {
			isa = PBXResourcesBuildPhase;
			buildActionMask = 2147483647;
			files = (
			);
			runOnlyForDeploymentPostprocessing = 0;
		};
		95C1390D25861BC1009FC623 /* Resources */ = {
			isa = PBXResourcesBuildPhase;
			buildActionMask = 2147483647;
			files = (
				95C1391F25861BC1009FC623 /* LaunchScreen.storyboard in Resources */,
				95C1391C25861BC1009FC623 /* Preview Assets.xcassets in Resources */,
				95C1392B25861DFF009FC623 /* Lato-Regular.ttf in Resources */,
				950E1C12259DBFF2006D7CB1 /* animales.json in Resources */,
				95C1391925861BC1009FC623 /* Assets.xcassets in Resources */,
				950E1C13259DBFF2006D7CB1 /* deportes.json in Resources */,
				954B8AFA25A38896006520D1 /* animals.json in Resources */,
				950E1C14259DBFF2006D7CB1 /* ciencia.json in Resources */,
				950E1C15259DBFF2006D7CB1 /* historia.json in Resources */,
				9548023E25A9FB2500B0DAF6 /* Localizable.strings in Resources */,
				954B8AF925A38896006520D1 /* sports.json in Resources */,
				954B8AFC25A38896006520D1 /* science.json in Resources */,
				954B8AFB25A38896006520D1 /* history.json in Resources */,
				95C1392A25861DFF009FC623 /* Lato-Bold.ttf in Resources */,
			);
			runOnlyForDeploymentPostprocessing = 0;
		};
/* End PBXResourcesBuildPhase section */

/* Begin PBXSourcesBuildPhase section */
		954755C825EE406B000C59F6 /* Sources */ = {
			isa = PBXSourcesBuildPhase;
			buildActionMask = 2147483647;
			files = (
				954755CF25EE406B000C59F6 /* SabiasQueUITests.swift in Sources */,
				954755D925EE408D000C59F6 /* SnapshotHelper.swift in Sources */,
			);
			runOnlyForDeploymentPostprocessing = 0;
		};
		95C1390B25861BC1009FC623 /* Sources */ = {
			isa = PBXSourcesBuildPhase;
			buildActionMask = 2147483647;
			files = (
				95C1391325861BC1009FC623 /* AppDelegate.swift in Sources */,
				95BB808325962A13001FE75F /* DetailView.swift in Sources */,
				95C1392F25861E1D009FC623 /* Colors.swift in Sources */,
				95C1391525861BC1009FC623 /* SceneDelegate.swift in Sources */,
				953527A5259886A8007F1D69 /* Fact.swift in Sources */,
				950E1C1A259DC9A9006D7CB1 /* FactsGenerator.swift in Sources */,
				9548024525A9FCC600B0DAF6 /* String+Localized.swift in Sources */,
				95D6703125988B9800700358 /* Bundle+Decode.swift in Sources */,
				9535279F25974A35007F1D69 /* CategoryCard.swift in Sources */,
				95C1391725861BC1009FC623 /* ContentView.swift in Sources */,
				95BB807C2595E368001FE75F /* StartingView.swift in Sources */,
				953527A22597538B007F1D69 /* MainCTAButton.swift in Sources */,
			);
			runOnlyForDeploymentPostprocessing = 0;
		};
/* End PBXSourcesBuildPhase section */

/* Begin PBXTargetDependency section */
		954755D225EE406B000C59F6 /* PBXTargetDependency */ = {
			isa = PBXTargetDependency;
			target = 95C1390E25861BC1009FC623 /* SabiasQue */;
			targetProxy = 954755D125EE406B000C59F6 /* PBXContainerItemProxy */;
		};
/* End PBXTargetDependency section */

/* Begin PBXVariantGroup section */
		9548024025A9FB2500B0DAF6 /* Localizable.strings */ = {
			isa = PBXVariantGroup;
			children = (
				9548023F25A9FB2500B0DAF6 /* en */,
				9548024225A9FB5400B0DAF6 /* es-419 */,
			);
			name = Localizable.strings;
			sourceTree = "<group>";
		};
		95C1391D25861BC1009FC623 /* LaunchScreen.storyboard */ = {
			isa = PBXVariantGroup;
			children = (
				95C1391E25861BC1009FC623 /* Base */,
			);
			name = LaunchScreen.storyboard;
			sourceTree = "<group>";
		};
/* End PBXVariantGroup section */

/* Begin XCBuildConfiguration section */
		954755D425EE406B000C59F6 /* Debug */ = {
			isa = XCBuildConfiguration;
			buildSettings = {
				CODE_SIGN_STYLE = Automatic;
				DEVELOPMENT_TEAM = 8MT7DH3FAZ;
				INFOPLIST_FILE = SabiasQueUITests/Info.plist;
				LD_RUNPATH_SEARCH_PATHS = (
					"$(inherited)",
					"@executable_path/Frameworks",
					"@loader_path/Frameworks",
				);
				PRODUCT_BUNDLE_IDENTIFIER = "com.jesus-rod.SabiasQueUITests";
				PRODUCT_NAME = "$(TARGET_NAME)";
				SWIFT_VERSION = 5.0;
				TARGETED_DEVICE_FAMILY = "1,2";
				TEST_TARGET_NAME = SabiasQue;
			};
			name = Debug;
		};
		954755D525EE406B000C59F6 /* Release */ = {
			isa = XCBuildConfiguration;
			buildSettings = {
				CODE_SIGN_STYLE = Automatic;
				DEVELOPMENT_TEAM = 8MT7DH3FAZ;
				INFOPLIST_FILE = SabiasQueUITests/Info.plist;
				LD_RUNPATH_SEARCH_PATHS = (
					"$(inherited)",
					"@executable_path/Frameworks",
					"@loader_path/Frameworks",
				);
				PRODUCT_BUNDLE_IDENTIFIER = "com.jesus-rod.SabiasQueUITests";
				PRODUCT_NAME = "$(TARGET_NAME)";
				SWIFT_VERSION = 5.0;
				TARGETED_DEVICE_FAMILY = "1,2";
				TEST_TARGET_NAME = SabiasQue;
			};
			name = Release;
		};
		95C1392125861BC1009FC623 /* Debug */ = {
			isa = XCBuildConfiguration;
			buildSettings = {
				ALWAYS_SEARCH_USER_PATHS = NO;
				CLANG_ANALYZER_LOCALIZABILITY_NONLOCALIZED = YES;
				CLANG_ANALYZER_NONNULL = YES;
				CLANG_ANALYZER_NUMBER_OBJECT_CONVERSION = YES_AGGRESSIVE;
				CLANG_CXX_LANGUAGE_STANDARD = "gnu++14";
				CLANG_CXX_LIBRARY = "libc++";
				CLANG_ENABLE_MODULES = YES;
				CLANG_ENABLE_OBJC_ARC = YES;
				CLANG_ENABLE_OBJC_WEAK = YES;
				CLANG_WARN_BLOCK_CAPTURE_AUTORELEASING = YES;
				CLANG_WARN_BOOL_CONVERSION = YES;
				CLANG_WARN_COMMA = YES;
				CLANG_WARN_CONSTANT_CONVERSION = YES;
				CLANG_WARN_DEPRECATED_OBJC_IMPLEMENTATIONS = YES;
				CLANG_WARN_DIRECT_OBJC_ISA_USAGE = YES_ERROR;
				CLANG_WARN_DOCUMENTATION_COMMENTS = YES;
				CLANG_WARN_EMPTY_BODY = YES;
				CLANG_WARN_ENUM_CONVERSION = YES;
				CLANG_WARN_INFINITE_RECURSION = YES;
				CLANG_WARN_INT_CONVERSION = YES;
				CLANG_WARN_NON_LITERAL_NULL_CONVERSION = YES;
				CLANG_WARN_OBJC_IMPLICIT_RETAIN_SELF = YES;
				CLANG_WARN_OBJC_LITERAL_CONVERSION = YES;
				CLANG_WARN_OBJC_ROOT_CLASS = YES_ERROR;
				CLANG_WARN_QUOTED_INCLUDE_IN_FRAMEWORK_HEADER = YES;
				CLANG_WARN_RANGE_LOOP_ANALYSIS = YES;
				CLANG_WARN_STRICT_PROTOTYPES = YES;
				CLANG_WARN_SUSPICIOUS_MOVE = YES;
				CLANG_WARN_UNGUARDED_AVAILABILITY = YES_AGGRESSIVE;
				CLANG_WARN_UNREACHABLE_CODE = YES;
				CLANG_WARN__DUPLICATE_METHOD_MATCH = YES;
				COPY_PHASE_STRIP = NO;
				DEBUG_INFORMATION_FORMAT = dwarf;
				ENABLE_STRICT_OBJC_MSGSEND = YES;
				ENABLE_TESTABILITY = YES;
				GCC_C_LANGUAGE_STANDARD = gnu11;
				GCC_DYNAMIC_NO_PIC = NO;
				GCC_NO_COMMON_BLOCKS = YES;
				GCC_OPTIMIZATION_LEVEL = 0;
				GCC_PREPROCESSOR_DEFINITIONS = (
					"DEBUG=1",
					"$(inherited)",
				);
				GCC_WARN_64_TO_32_BIT_CONVERSION = YES;
				GCC_WARN_ABOUT_RETURN_TYPE = YES_ERROR;
				GCC_WARN_UNDECLARED_SELECTOR = YES;
				GCC_WARN_UNINITIALIZED_AUTOS = YES_AGGRESSIVE;
				GCC_WARN_UNUSED_FUNCTION = YES;
				GCC_WARN_UNUSED_VARIABLE = YES;
				IPHONEOS_DEPLOYMENT_TARGET = 14.0;
				MTL_ENABLE_DEBUG_INFO = INCLUDE_SOURCE;
				MTL_FAST_MATH = YES;
				ONLY_ACTIVE_ARCH = YES;
				SDKROOT = iphoneos;
				SWIFT_ACTIVE_COMPILATION_CONDITIONS = DEBUG;
				SWIFT_OPTIMIZATION_LEVEL = "-Onone";
			};
			name = Debug;
		};
		95C1392225861BC1009FC623 /* Release */ = {
			isa = XCBuildConfiguration;
			buildSettings = {
				ALWAYS_SEARCH_USER_PATHS = NO;
				CLANG_ANALYZER_LOCALIZABILITY_NONLOCALIZED = YES;
				CLANG_ANALYZER_NONNULL = YES;
				CLANG_ANALYZER_NUMBER_OBJECT_CONVERSION = YES_AGGRESSIVE;
				CLANG_CXX_LANGUAGE_STANDARD = "gnu++14";
				CLANG_CXX_LIBRARY = "libc++";
				CLANG_ENABLE_MODULES = YES;
				CLANG_ENABLE_OBJC_ARC = YES;
				CLANG_ENABLE_OBJC_WEAK = YES;
				CLANG_WARN_BLOCK_CAPTURE_AUTORELEASING = YES;
				CLANG_WARN_BOOL_CONVERSION = YES;
				CLANG_WARN_COMMA = YES;
				CLANG_WARN_CONSTANT_CONVERSION = YES;
				CLANG_WARN_DEPRECATED_OBJC_IMPLEMENTATIONS = YES;
				CLANG_WARN_DIRECT_OBJC_ISA_USAGE = YES_ERROR;
				CLANG_WARN_DOCUMENTATION_COMMENTS = YES;
				CLANG_WARN_EMPTY_BODY = YES;
				CLANG_WARN_ENUM_CONVERSION = YES;
				CLANG_WARN_INFINITE_RECURSION = YES;
				CLANG_WARN_INT_CONVERSION = YES;
				CLANG_WARN_NON_LITERAL_NULL_CONVERSION = YES;
				CLANG_WARN_OBJC_IMPLICIT_RETAIN_SELF = YES;
				CLANG_WARN_OBJC_LITERAL_CONVERSION = YES;
				CLANG_WARN_OBJC_ROOT_CLASS = YES_ERROR;
				CLANG_WARN_QUOTED_INCLUDE_IN_FRAMEWORK_HEADER = YES;
				CLANG_WARN_RANGE_LOOP_ANALYSIS = YES;
				CLANG_WARN_STRICT_PROTOTYPES = YES;
				CLANG_WARN_SUSPICIOUS_MOVE = YES;
				CLANG_WARN_UNGUARDED_AVAILABILITY = YES_AGGRESSIVE;
				CLANG_WARN_UNREACHABLE_CODE = YES;
				CLANG_WARN__DUPLICATE_METHOD_MATCH = YES;
				COPY_PHASE_STRIP = NO;
				DEBUG_INFORMATION_FORMAT = "dwarf-with-dsym";
				ENABLE_NS_ASSERTIONS = NO;
				ENABLE_STRICT_OBJC_MSGSEND = YES;
				GCC_C_LANGUAGE_STANDARD = gnu11;
				GCC_NO_COMMON_BLOCKS = YES;
				GCC_WARN_64_TO_32_BIT_CONVERSION = YES;
				GCC_WARN_ABOUT_RETURN_TYPE = YES_ERROR;
				GCC_WARN_UNDECLARED_SELECTOR = YES;
				GCC_WARN_UNINITIALIZED_AUTOS = YES_AGGRESSIVE;
				GCC_WARN_UNUSED_FUNCTION = YES;
				GCC_WARN_UNUSED_VARIABLE = YES;
				IPHONEOS_DEPLOYMENT_TARGET = 14.0;
				MTL_ENABLE_DEBUG_INFO = NO;
				MTL_FAST_MATH = YES;
				SDKROOT = iphoneos;
				SWIFT_COMPILATION_MODE = wholemodule;
				SWIFT_OPTIMIZATION_LEVEL = "-O";
				VALIDATE_PRODUCT = YES;
			};
			name = Release;
		};
		95C1392425861BC1009FC623 /* Debug */ = {
			isa = XCBuildConfiguration;
			buildSettings = {
				ASSETCATALOG_COMPILER_APPICON_NAME = AppIcon;
				ASSETCATALOG_COMPILER_GLOBAL_ACCENT_COLOR_NAME = AccentColor;
				CODE_SIGN_STYLE = Automatic;
				CURRENT_PROJECT_VERSION = 2;
				DEVELOPMENT_ASSET_PATHS = "\"SabiasQue/Preview Content\"";
				DEVELOPMENT_TEAM = 8MT7DH3FAZ;
				ENABLE_PREVIEWS = YES;
				INFOPLIST_FILE = SabiasQue/Info.plist;
				LD_RUNPATH_SEARCH_PATHS = (
					"$(inherited)",
					"@executable_path/Frameworks",
				);
				PRODUCT_BUNDLE_IDENTIFIER = "com.jesus-rod.SabiasQue";
				PRODUCT_NAME = "$(TARGET_NAME)";
				SWIFT_VERSION = 5.0;
				TARGETED_DEVICE_FAMILY = 1;
			};
			name = Debug;
		};
		95C1392525861BC1009FC623 /* Release */ = {
			isa = XCBuildConfiguration;
			buildSettings = {
				ASSETCATALOG_COMPILER_APPICON_NAME = AppIcon;
				ASSETCATALOG_COMPILER_GLOBAL_ACCENT_COLOR_NAME = AccentColor;
				CODE_SIGN_STYLE = Automatic;
				CURRENT_PROJECT_VERSION = 2;
				DEVELOPMENT_ASSET_PATHS = "\"SabiasQue/Preview Content\"";
				DEVELOPMENT_TEAM = 8MT7DH3FAZ;
				ENABLE_PREVIEWS = YES;
				INFOPLIST_FILE = SabiasQue/Info.plist;
				LD_RUNPATH_SEARCH_PATHS = (
					"$(inherited)",
					"@executable_path/Frameworks",
				);
				PRODUCT_BUNDLE_IDENTIFIER = "com.jesus-rod.SabiasQue";
				PRODUCT_NAME = "$(TARGET_NAME)";
				SWIFT_VERSION = 5.0;
				TARGETED_DEVICE_FAMILY = 1;
			};
			name = Release;
		};
/* End XCBuildConfiguration section */

/* Begin XCConfigurationList section */
		954755D325EE406B000C59F6 /* Build configuration list for PBXNativeTarget "SabiasQueUITests" */ = {
			isa = XCConfigurationList;
			buildConfigurations = (
				954755D425EE406B000C59F6 /* Debug */,
				954755D525EE406B000C59F6 /* Release */,
			);
			defaultConfigurationIsVisible = 0;
			defaultConfigurationName = Release;
		};
		95C1390A25861BC1009FC623 /* Build configuration list for PBXProject "SabiasQue" */ = {
			isa = XCConfigurationList;
			buildConfigurations = (
				95C1392125861BC1009FC623 /* Debug */,
				95C1392225861BC1009FC623 /* Release */,
			);
			defaultConfigurationIsVisible = 0;
			defaultConfigurationName = Release;
		};
		95C1392325861BC1009FC623 /* Build configuration list for PBXNativeTarget "SabiasQue" */ = {
			isa = XCConfigurationList;
			buildConfigurations = (
				95C1392425861BC1009FC623 /* Debug */,
				95C1392525861BC1009FC623 /* Release */,
			);
			defaultConfigurationIsVisible = 0;
			defaultConfigurationName = Release;
		};
/* End XCConfigurationList section */
	};
	rootObject = 95C1390725861BC1009FC623 /* Project object */;
}
